{
  "name": "RulesEngineEditor",
  "lockfileVersion": 3,
  "requires": true,
  "packages": {
    "": {
      "dependencies": {
        "@logicflow/core": "^2.2.3"
      }
    },
    "node_modules/@logicflow/core": {
      "version": "2.2.3",
      "resolved": "https://registry.npmjs.org/@logicflow/core/-/core-2.2.3.tgz",
      "integrity": "sha512-2oBUslDxnVdsT87sG/Ab3owcEU04T73Y95yWUAQ3o5rOeePP08vl4M2DtJmQO+KHAHqfFUhML+VclQDJBNvsOQ==",
      "hasInstallScript": true,
      "license": "Apache-2.0",
      "dependencies": {
        "classnames": "^2.3.2",
        "lodash-es": "^4.17.21",
        "mobx": "^5.15.7",
        "mobx-preact": "^3.0.0",
        "mobx-utils": "^5.6.1",
        "mousetrap": "^1.6.5",
        "preact": "^10.17.1",
        "uuid": "^9.0.0"
      }
    },
    "node_modules/classnames": {
      "version": "2.5.1",
      "resolved": "https://registry.npmjs.org/classnames/-/classnames-2.5.1.tgz",
      "integrity": "sha512-saHYOzhIQs6wy2sVxTM6bUDsQO4F50V9RQ22qBpEdCW+I+/Wmke2HOl6lS6dTpdxVhb88/I6+Hs+438c3lfUow==",
      "license": "MIT"
    },
    "node_modules/hoist-non-react-statics": {
      "version": "2.5.5",
      "resolved": "https://registry.npmjs.org/hoist-non-react-statics/-/hoist-non-react-statics-2.5.5.tgz",
      "integrity": "sha512-rqcy4pJo55FTTLWt+bU8ukscqHeE/e9KWvsOW2b/a3afxQZhwkQdT1rPPCJ0rYXdj4vNcasY8zHTH+jF/qStxw==",
      "license": "BSD-3-Clause"
    },
    "node_modules/lodash-es": {
      "version": "4.18.1",
      "resolved": "https://registry.npmjs.org/lodash-es/-/lodash-es-4.18.1.tgz",
      "integrity": "sha512-J8xewKD/Gk22OZbhpOVSwcs60zhd95ESDwezOFuA3/099925PdHJ7OFHNTGtajL3AlZkykD32HykiMo+BIBI8A==",
      "license": "MIT"
    },
    "node_modules/mobx": {
      "version": "5.15.7",
      "resolved": "https://registry.npmjs.org/mobx/-/mobx-5.15.7.tgz",
      "integrity": "sha512-wyM3FghTkhmC+hQjyPGGFdpehrcX1KOXsDuERhfK2YbJemkUhEB+6wzEN639T21onxlfYBmriA1PFnvxTUhcKw==",
      "license": "MIT",
      "funding": {
        "type": "opencollective",
        "url": "https://opencollective.com/mobx"
      }
    },
    "node_modules/mobx-preact": {
      "version": "3.0.0",
      "resolved": "https://registry.npmjs.org/mobx-preact/-/mobx-preact-3.0.0.tgz",
      "integrity": "sha512-ijan/cBs3WmRye87E5+3JmoFBB00KDAwNA3pm7bMwYLPHBAXlN86aC3gdrXw8aKzM5RI8V3a993PphzPv6P4FA==",
      "license": "MIT",
      "dependencies": {
        "hoist-non-react-statics": "^2.3.1"
      },
      "peerDependencies": {
        "mobx": "5.x",
        "preact": ">=8"
      }
    },
    "node_modules/mobx-utils": {
      "version": "5.6.2",
      "resolved": "https://registry.npmjs.org/mobx-utils/-/mobx-utils-5.6.2.tgz",
      "integrity": "sha512-a/WlXyGkp6F12b01sTarENpxbmlRgPHFyR1Xv2bsSjQBm5dcOtd16ONb40/vOqck8L99NHpI+C9MXQ+SZ8f+yw==",
      "license": "MIT",
      "peerDependencies": {
        "mobx": "^4.13.1 || ^5.13.1"
      }
    },
    "node_modules/mousetrap": {
      "version": "1.6.5",
      "resolved": "https://registry.npmjs.org/mousetrap/-/mousetrap-1.6.5.tgz",
      "integrity": "sha512-QNo4kEepaIBwiT8CDhP98umTetp+JNfQYBWvC1pc6/OAibuXtRcxZ58Qz8skvEHYvURne/7R8T5VoOI7rDsEUA==",
      "license": "Apache-2.0 WITH LLVM-exception"
    },
    "node_modules/preact": {
      "version": "10.29.2",
      "resolved": "https://registry.npmjs.org/preact/-/preact-10.29.2.tgz",
      "integrity": "sha512-7tNmwg/7mzzAoB/8kSg6Hl37JraAZw3Z3A0JSY7VXlZwo82Xn0G7wKbNNs2qoF4ZEEsQGTwDAroNdqKs1ofJxQ==",
      "license": "MIT",
      "funding": {
        "type": "opencollective",
        "url": "https://opencollective.com/preact"
      }
    },
    "node_modules/uuid": {
      "version": "9.0.1",
      "resolved": "https://registry.npmjs.org/uuid/-/uuid-9.0.1.tgz",
      "integrity": "sha512-b+1eJOlsR9K8HJpow9Ok3fiWOWSIcIzXodvv0rQjVoOVNpWMpxf1wZNpt4y9h10odCNrqnYp1OBzRktckBe3sA==",
      "deprecated": "uuid@10 and below is no longer supported.  For ESM codebases, update to uuid@latest.  For CommonJS codebases, use uuid@11 (but be aware this version will likely be deprecated in 2028).",
      "funding": [
        "https://github.com/sponsors/broofa",
        "https://github.com/sponsors/ctavan"
      ],
      "license": "MIT",
      "bin": {
        "uuid": "dist/bin/uuid"
      }
    }
  }
}
