<Solution>
  <Folder Name="/BE/">
    <Project Path="src/RulesEngine.API/RulesEngine.API.csproj" />
  </Folder>
  <Folder Name="/Core/">
    <Project Path="src/RulesEngine.Application/RulesEngine.Application.csproj" />
    <Project Path="src/RulesEngine.Core/RulesEngine.Core.csproj" />
    <Project Path="src/RulesEngine.Editor.Shared/RulesEngine.Editor.Shared.csproj" />
    <Project Path="src/RulesEngine.Infrastructure/RulesEngine.Infrastructure.csproj" />
  </Folder>
  <Folder Name="/FE/">
    <Project Path="src/RulesEngine.UI/RulesEngine.UI.csproj" />
  </Folder>
  <Folder Name="/Libraries/">
    <Project Path="RulesEngine/src/RulesEngine/RulesEngine.csproj" />
  </Folder>
  <Folder Name="/Libraries/UI/">
    <Project Path="Blazorise/Source/Blazorise.Tailwind/Blazorise.Tailwind.csproj" />
    <Project Path="Blazorise/Source/Blazorise/Blazorise.csproj" />
    <Project Path="Blazorise/Source/Extensions/Blazorise.Animate/Blazorise.Animate.csproj" />
    <Project Path="Blazorise/Source/Extensions/Blazorise.Barcode/Blazorise.Barcode.csproj" />
    <Project Path="Blazorise/Source/Extensions/Blazorise.Captcha/Blazorise.Captcha.csproj" />
    <Project Path="Blazorise/Source/Extensions/Blazorise.Captcha.ReCaptcha/Blazorise.Captcha.ReCaptcha.csproj" />
    <Project Path="Blazorise/Source/Extensions/Blazorise.Charts/Blazorise.Charts.csproj" />
    <Project Path="Blazorise/Source/Extensions/Blazorise.Charts.Annotation/Blazorise.Charts.Annotation.csproj" />
    <Project Path="Blazorise/Source/Extensions/Blazorise.Charts.DataLabels/Blazorise.Charts.DataLabels.csproj" />
    <Project Path="Blazorise/Source/Extensions/Blazorise.Charts.Streaming/Blazorise.Charts.Streaming.csproj" />
    <Project Path="Blazorise/Source/Extensions/Blazorise.Charts.Svg/Blazorise.Charts.Svg.csproj" />
    <Project Path="Blazorise/Source/Extensions/Blazorise.Charts.Trendline/Blazorise.Charts.Trendline.csproj" />
    <Project Path="Blazorise/Source/Extensions/Blazorise.Charts.Zoom/Blazorise.Charts.Zoom.csproj" />
    <Project Path="Blazorise/Source/Extensions/Blazorise.Components/Blazorise.Components.csproj" />
    <Project Path="Blazorise/Source/Extensions/Blazorise.Cropper/Blazorise.Cropper.csproj" />
    <Project Path="Blazorise/Source/Extensions/Blazorise.DataGrid/Blazorise.DataGrid.csproj" />
    <Project Path="Blazorise/Source/Extensions/Blazorise.FluentValidation/Blazorise.FluentValidation.csproj" />
    <Project Path="Blazorise/Source/Extensions/Blazorise.Gantt/Blazorise.Gantt.csproj" />
    <Project Path="Blazorise/Source/Extensions/Blazorise.Icons.AntDesign/Blazorise.Icons.AntDesign.csproj" />
    <Project Path="Blazorise/Source/Extensions/Blazorise.Icons.Bootstrap/Blazorise.Icons.Bootstrap.csproj" />
    <Project Path="Blazorise/Source/Extensions/Blazorise.Icons.FluentUI/Blazorise.Icons.FluentUI.csproj" />
    <Project Path="Blazorise/Source/Extensions/Blazorise.Icons.FontAwesome/Blazorise.Icons.FontAwesome.csproj" />
    <Project Path="Blazorise/Source/Extensions/Blazorise.Icons.Lucide/Blazorise.Icons.Lucide.csproj" />
    <Project Path="Blazorise/Source/Extensions/Blazorise.Icons.Material/Blazorise.Icons.Material.csproj" />
    <Project Path="Blazorise/Source/Extensions/Blazorise.LoadingIndicator/Blazorise.LoadingIndicator.csproj" />
    <Project Path="Blazorise/Source/Extensions/Blazorise.LottieAnimation/Blazorise.LottieAnimation.csproj" />
    <Project Path="Blazorise/Source/Extensions/Blazorise.Maps/Blazorise.Maps.csproj" />
    <Project Path="Blazorise/Source/Extensions/Blazorise.Markdown/Blazorise.Markdown.csproj" />
    <Project Path="Blazorise/Source/Extensions/Blazorise.PdfViewer/Blazorise.PdfViewer.csproj" />
    <Project Path="Blazorise/Source/Extensions/Blazorise.QRCode/Blazorise.QRCode.csproj" />
    <Project Path="Blazorise/Source/Extensions/Blazorise.RichTextEdit/Blazorise.RichTextEdit.csproj" />
    <Project Path="Blazorise/Source/Extensions/Blazorise.Scheduler/Blazorise.Scheduler.csproj" />
    <Project Path="Blazorise/Source/Extensions/Blazorise.Sidebar/Blazorise.Sidebar.csproj" />
    <Project Path="Blazorise/Source/Extensions/Blazorise.SignaturePad/Blazorise.SignaturePad.csproj" />
    <Project Path="Blazorise/Source/Extensions/Blazorise.Snackbar/Blazorise.Snackbar.csproj" />
    <Project Path="Blazorise/Source/Extensions/Blazorise.SpinKit/Blazorise.SpinKit.csproj" />
    <Project Path="Blazorise/Source/Extensions/Blazorise.Splitter/Blazorise.Splitter.csproj" />
    <Project Path="Blazorise/Source/Extensions/Blazorise.TreeView/Blazorise.TreeView.csproj" />
    <Project Path="Blazorise/Source/Extensions/Blazorise.Video/Blazorise.Video.csproj" />
    <Project Path="Blazorise/Source/SourceGenerators/Blazorise.Generator.Features/Blazorise.Generator.Features.csproj" />
    <Project Path="Blazorise/Source/SourceGenerators/Blazorise.Generator/Blazorise.Generator.csproj" />
    <Project Path="Blazorise/Source/SourceGenerators/Blazorise.Weavers.Fody/Blazorise.Weavers.Fody.csproj" />
    <Project Path="Blazorise/Source/SourceGenerators/Blazorise.Weavers/Blazorise.Weavers.csproj" />
  </Folder>
  <Folder Name="/Testing/">
    <Project Path="src/RulesEngine.Tests/RulesEngine.Tests.csproj" />
  </Folder>
</Solution>
